
Microsoft Visual Studio Solution File, Format Version 12.00
# Visual Studio Version 17
VisualStudioVersion = 17.11.35431.28
MinimumVisualStudioVersion = 10.0.40219.1
Project("{FAE04EC0-301F-11D3-BF4B-00C04F79EFBC}") = "SscRepository", "SscRepository\SscRepository.csproj", "{C18314B8-8AF6-4B02-A9F1-0955A0CE03EC}"
EndProject
Global
	GlobalSection(SolutionConfigurationPlatforms) = preSolution
		Debug|Any CPU = Debug|Any CPU
		Release|Any CPU = Release|Any CPU
	EndGlobalSection
	GlobalSection(ProjectConfigurationPlatforms) = postSolution
		{C18314B8-8AF6-4B02-A9F1-0955A0CE03EC}.Debug|Any CPU.ActiveCfg = Debug|Any CPU
		{C18314B8-8AF6-4B02-A9F1-0955A0CE03EC}.Debug|Any CPU.Build.0 = Debug|Any CPU
		{C18314B8-8AF6-4B02-A9F1-0955A0CE03EC}.Release|Any CPU.ActiveCfg = Release|Any CPU
		{C18314B8-8AF6-4B02-A9F1-0955A0CE03EC}.Release|Any CPU.Build.0 = Release|Any CPU
	EndGlobalSection
	GlobalSection(SolutionProperties) = preSolution
		HideSolutionNode = FALSE
	EndGlobalSection
	GlobalSection(ExtensibilityGlobals) = postSolution
		SolutionGuid = {C3411413-B8A3-4425-82B7-55D4CF492E1A}
	EndGlobalSection
EndGlobal
