
Microsoft Visual Studio Solution File, Format Version 12.00
# Visual Studio Version 17
VisualStudioVersion = 17.8.34525.116
MinimumVisualStudioVersion = 10.0.40219.1
Project("{9A19103F-16F7-4668-BE54-9A1E7A4F7556}") = "SailwaveSkimmer", "SailwaveSkimmer\SailwaveSkimmer.csproj", "{2DE34569-1711-4753-A5F0-40202DE7FC94}"
EndProject
Project("{9A19103F-16F7-4668-BE54-9A1E7A4F7556}") = "SailwaveDataSkimmer", "SailwaveDataSkimmer\SailwaveDataSkimmer.csproj", "{1F57A867-5DC2-49AB-866A-240166C86BF4}"
EndProject
Project("{9A19103F-16F7-4668-BE54-9A1E7A4F7556}") = "Ssc.Data", "..\SscData\Ssc.Data.csproj", "{1C05135D-6D3B-46BC-96DD-AB6F52F39121}"
EndProject
Global
	GlobalSection(SolutionConfigurationPlatforms) = preSolution
		Debug|Any CPU = Debug|Any CPU
		Release|Any CPU = Release|Any CPU
	EndGlobalSection
	GlobalSection(ProjectConfigurationPlatforms) = postSolution
		{2DE34569-1711-4753-A5F0-40202DE7FC94}.Debug|Any CPU.ActiveCfg = Debug|Any CPU
		{2DE34569-1711-4753-A5F0-40202DE7FC94}.Debug|Any CPU.Build.0 = Debug|Any CPU
		{2DE34569-1711-4753-A5F0-40202DE7FC94}.Release|Any CPU.ActiveCfg = Release|Any CPU
		{2DE34569-1711-4753-A5F0-40202DE7FC94}.Release|Any CPU.Build.0 = Release|Any CPU
		{1F57A867-5DC2-49AB-866A-240166C86BF4}.Debug|Any CPU.ActiveCfg = Debug|Any CPU
		{1F57A867-5DC2-49AB-866A-240166C86BF4}.Debug|Any CPU.Build.0 = Debug|Any CPU
		{1F57A867-5DC2-49AB-866A-240166C86BF4}.Release|Any CPU.ActiveCfg = Release|Any CPU
		{1F57A867-5DC2-49AB-866A-240166C86BF4}.Release|Any CPU.Build.0 = Release|Any CPU
		{1C05135D-6D3B-46BC-96DD-AB6F52F39121}.Debug|Any CPU.ActiveCfg = Debug|Any CPU
		{1C05135D-6D3B-46BC-96DD-AB6F52F39121}.Debug|Any CPU.Build.0 = Debug|Any CPU
		{1C05135D-6D3B-46BC-96DD-AB6F52F39121}.Release|Any CPU.ActiveCfg = Release|Any CPU
		{1C05135D-6D3B-46BC-96DD-AB6F52F39121}.Release|Any CPU.Build.0 = Release|Any CPU
	EndGlobalSection
	GlobalSection(SolutionProperties) = preSolution
		HideSolutionNode = FALSE
	EndGlobalSection
	GlobalSection(ExtensibilityGlobals) = postSolution
		SolutionGuid = {6B7F4325-035F-4064-A32C-13E262E25798}
	EndGlobalSection
EndGlobal
